<Solution>
  <Folder Name="/src/">
    <Project Path="src/Compendium.API/Compendium.API.csproj" />
    <Project Path="src/Compendium.Application/Compendium.Application.csproj" />
    <Project Path="src/Compendium.CrossCutting/Compendium.CrossCutting.csproj" />
    <Project Path="src/Compendium.Domain/Compendium.Domain.csproj" />
    <Project Path="src/Compendium.Infra/Compendium.Infra.csproj" />
  </Folder>
  <Folder Name="/tests/">
    <Project Path="tests/Compendium.ContractTests/Compendium.ContractTests.csproj" />
    <Project Path="tests/Compendium.IntegrationTests/Compendium.IntegrationTests.csproj" />
    <Project Path="tests/Compendium.UnitTests/Compendium.UnitTests.csproj" />
  </Folder>
</Solution>
